// !$*UTF8*$!
{
	archiveVersion = 1;
	classes = {
	};
	objectVersion = 77;
	objects = {

/* Begin PBXContainerItemProxy section */
		6AB0D9B92CB500560025EDFD /* PBXContainerItemProxy */ = {
			isa = PBXContainerItemProxy;
			containerPortal = 6AB0D99E2CB500550025EDFD /* Project object */;
			proxyType = 1;
			remoteGlobalIDString = 6AB0D9A52CB500550025EDFD;
			remoteInfo = ianlearncloud;
		};
		6AB0D9C32CB500560025EDFD /* PBXContainerItemProxy */ = {
			isa = PBXContainerItemProxy;
			containerPortal = 6AB0D99E2CB500550025EDFD /* Project object */;
			proxyType = 1;
			remoteGlobalIDString = 6AB0D9A52CB500550025EDFD;
			remoteInfo = ianlearncloud;
		};
/* End PBXContainerItemProxy section */

/* Begin PBXFileReference section */
		6AB0D9A62CB500550025EDFD /* ianlearncloud.app */ = {isa = PBXFileReference; explicitFileType = wrapper.application; includeInIndex = 0; path = ianlearncloud.app; sourceTree = BUILT_PRODUCTS_DIR; };
		6AB0D9B82CB500560025EDFD /* ianlearncloudTests.xctest */ = {isa = PBXFileReference; explicitFileType = wrapper.cfbundle; includeInIndex = 0; path = ianlearncloudTests.xctest; sourceTree = BUILT_PRODUCTS_DIR; };
		6AB0D9C22CB500560025EDFD /* ianlearncloudUITests.xctest */ = {isa = PBXFileReference; explicitFileType = wrapper.cfbundle; includeInIndex = 0; path = ianlearncloudUITests.xctest; sourceTree = BUILT_PRODUCTS_DIR; };
/* End PBXFileReference section */

/* Begin PBXFileSystemSynchronizedRootGroup section */
		6AB0D9A82CB500550025EDFD /* ianlearncloud */ = {
			isa = PBXFileSystemSynchronizedRootGroup;
			path = ianlearncloud;
			sourceTree = "<group>";
		};
		6AB0D9BB2CB500560025EDFD /* ianlearncloudTests */ = {
			isa = PBXFileSystemSynchronizedRootGroup;
			path = ianlearncloudTests;
			sourceTree = "<group>";
		};
		6AB0D9C52CB500560025EDFD /* ianlearncloudUITests */ = {
			isa = PBXFileSystemSynchronizedRootGroup;
			path = ianlearncloudUITests;
			sourceTree = "<group>";
		};
/* End PBXFileSystemSynchronizedRootGroup section */

/* Begin PBXFrameworksBuildPhase section */
		6AB0D9A32CB500550025EDFD /* Frameworks */ = {
			isa = PBXFrameworksBuildPhase;
			buildActionMask = 2147483647;
			files = (
			);
			runOnlyForDeploymentPostprocessing = 0;
		};
		6AB0D9B52CB500560025EDFD /* Frameworks */ = {
			isa = PBXFrameworksBuildPhase;
			buildActionMask = 2147483647;
			files = (
			);
			runOnlyForDeploymentPostprocessing = 0;
		};
		6AB0D9BF2CB500560025EDFD /* Frameworks */ = {
			isa = PBXFrameworksBuildPhase;
			buildActionMask = 2147483647;
			files = (
			);
			runOnlyForDeploymentPostprocessing = 0;
		};
/* End PBXFrameworksBuildPhase section */

/* Begin PBXGroup section */
		6AB0D99D2CB500550025EDFD = {
			isa = PBXGroup;
			children = (
				6AB0D9A82CB500550025EDFD /* ianlearncloud */,
				6AB0D9BB2CB500560025EDFD /* ianlearncloudTests */,
				6AB0D9C52CB500560025EDFD /* ianlearncloudUITests */,
				6AB0D9A72CB500550025EDFD /* Products */,
			);
			sourceTree = "<group>";
		};
		6AB0D9A72CB500550025EDFD /* Products */ = {
			isa = PBXGroup;
			children = (
				6AB0D9A62CB500550025EDFD /* ianlearncloud.app */,
				6AB0D9B82CB500560025EDFD /* ianlearncloudTests.xctest */,
				6AB0D9C22CB500560025EDFD /* ianlearncloudUITests.xctest */,
			);
			name = Products;
			sourceTree = "<group>";
		};
/* End PBXGroup section */

/* Begin PBXNativeTarget section */
		6AB0D9A52CB500550025EDFD /* ianlearncloud */ = {
			isa = PBXNativeTarget;
			buildConfigurationList = 6AB0D9CC2CB500560025EDFD /* Build configuration list for PBXNativeTarget "ianlearncloud" */;
			buildPhases = (
				6AB0D9A22CB500550025EDFD /* Sources */,
				6AB0D9A32CB500550025EDFD /* Frameworks */,
				6AB0D9A42CB500550025EDFD /* Resources */,
			);
			buildRules = (
			);
			dependencies = (
			);
			fileSystemSynchronizedGroups = (
				6AB0D9A82CB500550025EDFD /* ianlearncloud */,
			);
			name = ianlearncloud;
			packageProductDependencies = (
			);
			productName = ianlearncloud;
			productReference = 6AB0D9A62CB500550025EDFD /* ianlearncloud.app */;
			productType = "com.apple.product-type.application";
		};
		6AB0D9B72CB500560025EDFD /* ianlearncloudTests */ = {
			isa = PBXNativeTarget;
			buildConfigurationList = 6AB0D9CF2CB500560025EDFD /* Build configuration list for PBXNativeTarget "ianlearncloudTests" */;
			buildPhases = (
				6AB0D9B42CB500560025EDFD /* Sources */,
				6AB0D9B52CB500560025EDFD /* Frameworks */,
				6AB0D9B62CB500560025EDFD /* Resources */,
			);
			buildRules = (
			);
			dependencies = (
				6AB0D9BA2CB500560025EDFD /* PBXTargetDependency */,
			);
			fileSystemSynchronizedGroups = (
				6AB0D9BB2CB500560025EDFD /* ianlearncloudTests */,
			);
			name = ianlearncloudTests;
			packageProductDependencies = (
			);
			productName = ianlearncloudTests;
			productReference = 6AB0D9B82CB500560025EDFD /* ianlearncloudTests.xctest */;
			productType = "com.apple.product-type.bundle.unit-test";
		};
		6AB0D9C12CB500560025EDFD /* ianlearncloudUITests */ = {
			isa = PBXNativeTarget;
			buildConfigurationList = 6AB0D9D22CB500560025EDFD /* Build configuration list for PBXNativeTarget "ianlearncloudUITests" */;
			buildPhases = (
				6AB0D9BE2CB500560025EDFD /* Sources */,
				6AB0D9BF2CB500560025EDFD /* Frameworks */,
				6AB0D9C02CB500560025EDFD /* Resources */,
			);
			buildRules = (
			);
			dependencies = (
				6AB0D9C42CB500560025EDFD /* PBXTargetDependency */,
			);
			fileSystemSynchronizedGroups = (
				6AB0D9C52CB500560025EDFD /* ianlearncloudUITests */,
			);
			name = ianlearncloudUITests;
			packageProductDependencies = (
			);
			productName = ianlearncloudUITests;
			productReference = 6AB0D9C22CB500560025EDFD /* ianlearncloudUITests.xctest */;
			productType = "com.apple.product-type.bundle.ui-testing";
		};
/* End PBXNativeTarget section */

/* Begin PBXProject section */
		6AB0D99E2CB500550025EDFD /* Project object */ = {
			isa = PBXProject;
			attributes = {
				BuildIndependentTargetsInParallel = 1;
				LastSwiftUpdateCheck = 1600;
				LastUpgradeCheck = 1600;
				TargetAttributes = {
					6AB0D9A52CB500550025EDFD = {
						CreatedOnToolsVersion = 16.0;
					};
					6AB0D9B72CB500560025EDFD = {
						CreatedOnToolsVersion = 16.0;
						TestTargetID = 6AB0D9A52CB500550025EDFD;
					};
					6AB0D9C12CB500560025EDFD = {
						CreatedOnToolsVersion = 16.0;
						TestTargetID = 6AB0D9A52CB500550025EDFD;
					};
				};
			};
			buildConfigurationList = 6AB0D9A12CB500550025EDFD /* Build configuration list for PBXProject "ianlearncloud" */;
			developmentRegion = en;
			hasScannedForEncodings = 0;
			knownRegions = (
				en,
				Base,
			);
			mainGroup = 6AB0D99D2CB500550025EDFD;
			minimizedProjectReferenceProxies = 1;
			preferredProjectObjectVersion = 77;
			productRefGroup = 6AB0D9A72CB500550025EDFD /* Products */;
			projectDirPath = "";
			projectRoot = "";
			targets = (
				6AB0D9A52CB500550025EDFD /* ianlearncloud */,
				6AB0D9B72CB500560025EDFD /* ianlearncloudTests */,
				6AB0D9C12CB500560025EDFD /* ianlearncloudUITests */,
			);
		};
/* End PBXProject section */

/* Begin PBXResourcesBuildPhase section */
		6AB0D9A42CB500550025EDFD /* Resources */ = {
			isa = PBXResourcesBuildPhase;
			buildActionMask = 2147483647;
			files = (
			);
			runOnlyForDeploymentPostprocessing = 0;
		};
		6AB0D9B62CB500560025EDFD /* Resources */ = {
			isa = PBXResourcesBuildPhase;
			buildActionMask = 2147483647;
			files = (
			);
			runOnlyForDeploymentPostprocessing = 0;
		};
		6AB0D9C02CB500560025EDFD /* Resources */ = {
			isa = PBXResourcesBuildPhase;
			buildActionMask = 2147483647;
			files = (
			);
			runOnlyForDeploymentPostprocessing = 0;
		};
/* End PBXResourcesBuildPhase section */

/* Begin PBXSourcesBuildPhase section */
		6AB0D9A22CB500550025EDFD /* Sources */ = {
			isa = PBXSourcesBuildPhase;
			buildActionMask = 2147483647;
			files = (
			);
			runOnlyForDeploymentPostprocessing = 0;
		};
		6AB0D9B42CB500560025EDFD /* Sources */ = {
			isa = PBXSourcesBuildPhase;
			buildActionMask = 2147483647;
			files = (
			);
			runOnlyForDeploymentPostprocessing = 0;
		};
		6AB0D9BE2CB500560025EDFD /* Sources */ = {
			isa = PBXSourcesBuildPhase;
			buildActionMask = 2147483647;
			files = (
			);
			runOnlyForDeploymentPostprocessing = 0;
		};
/* End PBXSourcesBuildPhase section */

/* Begin PBXTargetDependency section */
		6AB0D9BA2CB500560025EDFD /* PBXTargetDependency */ = {
			isa = PBXTargetDependency;
			target = 6AB0D9A52CB500550025EDFD /* ianlearncloud */;
			targetProxy = 6AB0D9B92CB500560025EDFD /* PBXContainerItemProxy */;
		};
		6AB0D9C42CB500560025EDFD /* PBXTargetDependency */ = {
			isa = PBXTargetDependency;
			target = 6AB0D9A52CB500550025EDFD /* ianlearncloud */;
			targetProxy = 6AB0D9C32CB500560025EDFD /* PBXContainerItemProxy */;
		};
/* End PBXTargetDependency section */

/* Begin XCBuildConfiguration section */
		6AB0D9CA2CB500560025EDFD /* Debug */ = {
			isa = XCBuildConfiguration;
			buildSettings = {
				ALWAYS_SEARCH_USER_PATHS = NO;
				ASSETCATALOG_COMPILER_GENERATE_SWIFT_ASSET_SYMBOL_EXTENSIONS = YES;
				CLANG_ANALYZER_NONNULL = YES;
				CLANG_ANALYZER_NUMBER_OBJECT_CONVERSION = YES_AGGRESSIVE;
				CLANG_CXX_LANGUAGE_STANDARD = "gnu++20";
				CLANG_ENABLE_MODULES = YES;
				CLANG_ENABLE_OBJC_ARC = YES;
				CLANG_ENABLE_OBJC_WEAK = YES;
				CLANG_WARN_BLOCK_CAPTURE_AUTORELEASING = YES;
				CLANG_WARN_BOOL_CONVERSION = YES;
				CLANG_WARN_COMMA = YES;
				CLANG_WARN_CONSTANT_CONVERSION = YES;
				CLANG_WARN_DEPRECATED_OBJC_IMPLEMENTATIONS = YES;
				CLANG_WARN_DIRECT_OBJC_ISA_USAGE = YES_ERROR;
				CLANG_WARN_DOCUMENTATION_COMMENTS = YES;
				CLANG_WARN_EMPTY_BODY = YES;
				CLANG_WARN_ENUM_CONVERSION = YES;
				CLANG_WARN_INFINITE_RECURSION = YES;
				CLANG_WARN_INT_CONVERSION = YES;
				CLANG_WARN_NON_LITERAL_NULL_CONVERSION = YES;
				CLANG_WARN_OBJC_IMPLICIT_RETAIN_SELF = YES;
				CLANG_WARN_OBJC_LITERAL_CONVERSION = YES;
				CLANG_WARN_OBJC_ROOT_CLASS = YES_ERROR;
				CLANG_WARN_QUOTED_INCLUDE_IN_FRAMEWORK_HEADER = YES;
				CLANG_WARN_RANGE_LOOP_ANALYSIS = YES;
				CLANG_WARN_STRICT_PROTOTYPES = YES;
				CLANG_WARN_SUSPICIOUS_MOVE = YES;
				CLANG_WARN_UNGUARDED_AVAILABILITY = YES_AGGRESSIVE;
				CLANG_WARN_UNREACHABLE_CODE = YES;
				CLANG_WARN__DUPLICATE_METHOD_MATCH = YES;
				COPY_PHASE_STRIP = NO;
				DEBUG_INFORMATION_FORMAT = dwarf;
				ENABLE_STRICT_OBJC_MSGSEND = YES;
				ENABLE_TESTABILITY = YES;
				ENABLE_USER_SCRIPT_SANDBOXING = YES;
				GCC_C_LANGUAGE_STANDARD = gnu17;
				GCC_DYNAMIC_NO_PIC = NO;
				GCC_NO_COMMON_BLOCKS = YES;
				GCC_OPTIMIZATION_LEVEL = 0;
				GCC_PREPROCESSOR_DEFINITIONS = (
					"DEBUG=1",
					"$(inherited)",
				);
				GCC_WARN_64_TO_32_BIT_CONVERSION = YES;
				GCC_WARN_ABOUT_RETURN_TYPE = YES_ERROR;
				GCC_WARN_UNDECLARED_SELECTOR = YES;
				GCC_WARN_UNINITIALIZED_AUTOS = YES_AGGRESSIVE;
				GCC_WARN_UNUSED_FUNCTION = YES;
				GCC_WARN_UNUSED_VARIABLE = YES;
				IPHONEOS_DEPLOYMENT_TARGET = 18.0;
				LOCALIZATION_PREFERS_STRING_CATALOGS = YES;
				MTL_ENABLE_DEBUG_INFO = INCLUDE_SOURCE;
				MTL_FAST_MATH = YES;
				ONLY_ACTIVE_ARCH = YES;
				SDKROOT = iphoneos;
				SWIFT_ACTIVE_COMPILATION_CONDITIONS = "DEBUG $(inherited)";
				SWIFT_OPTIMIZATION_LEVEL = "-Onone";
			};
			name = Debug;
		};
		6AB0D9CB2CB500560025EDFD /* Release */ = {
			isa = XCBuildConfiguration;
			buildSettings = {
				ALWAYS_SEARCH_USER_PATHS = NO;
				ASSETCATALOG_COMPILER_GENERATE_SWIFT_ASSET_SYMBOL_EXTENSIONS = YES;
				CLANG_ANALYZER_NONNULL = YES;
				CLANG_ANALYZER_NUMBER_OBJECT_CONVERSION = YES_AGGRESSIVE;
				CLANG_CXX_LANGUAGE_STANDARD = "gnu++20";
				CLANG_ENABLE_MODULES = YES;
				CLANG_ENABLE_OBJC_ARC = YES;
				CLANG_ENABLE_OBJC_WEAK = YES;
				CLANG_WARN_BLOCK_CAPTURE_AUTORELEASING = YES;
				CLANG_WARN_BOOL_CONVERSION = YES;
				CLANG_WARN_COMMA = YES;
				CLANG_WARN_CONSTANT_CONVERSION = YES;
				CLANG_WARN_DEPRECATED_OBJC_IMPLEMENTATIONS = YES;
				CLANG_WARN_DIRECT_OBJC_ISA_USAGE = YES_ERROR;
				CLANG_WARN_DOCUMENTATION_COMMENTS = YES;
				CLANG_WARN_EMPTY_BODY = YES;
				CLANG_WARN_ENUM_CONVERSION = YES;
				CLANG_WARN_INFINITE_RECURSION = YES;
				CLANG_WARN_INT_CONVERSION = YES;
				CLANG_WARN_NON_LITERAL_NULL_CONVERSION = YES;
				CLANG_WARN_OBJC_IMPLICIT_RETAIN_SELF = YES;
				CLANG_WARN_OBJC_LITERAL_CONVERSION = YES;
				CLANG_WARN_OBJC_ROOT_CLASS = YES_ERROR;
				CLANG_WARN_QUOTED_INCLUDE_IN_FRAMEWORK_HEADER = YES;
				CLANG_WARN_RANGE_LOOP_ANALYSIS = YES;
				CLANG_WARN_STRICT_PROTOTYPES = YES;
				CLANG_WARN_SUSPICIOUS_MOVE = YES;
				CLANG_WARN_UNGUARDED_AVAILABILITY = YES_AGGRESSIVE;
				CLANG_WARN_UNREACHABLE_CODE = YES;
				CLANG_WARN__DUPLICATE_METHOD_MATCH = YES;
				COPY_PHASE_STRIP = NO;
				DEBUG_INFORMATION_FORMAT = "dwarf-with-dsym";
				ENABLE_NS_ASSERTIONS = NO;
				ENABLE_STRICT_OBJC_MSGSEND = YES;
				ENABLE_USER_SCRIPT_SANDBOXING = YES;
				GCC_C_LANGUAGE_STANDARD = gnu17;
				GCC_NO_COMMON_BLOCKS = YES;
				GCC_WARN_64_TO_32_BIT_CONVERSION = YES;
				GCC_WARN_ABOUT_RETURN_TYPE = YES_ERROR;
				GCC_WARN_UNDECLARED_SELECTOR = YES;
				GCC_WARN_UNINITIALIZED_AUTOS = YES_AGGRESSIVE;
				GCC_WARN_UNUSED_FUNCTION = YES;
				GCC_WARN_UNUSED_VARIABLE = YES;
				IPHONEOS_DEPLOYMENT_TARGET = 18.0;
				LOCALIZATION_PREFERS_STRING_CATALOGS = YES;
				MTL_ENABLE_DEBUG_INFO = NO;
				MTL_FAST_MATH = YES;
				SDKROOT = iphoneos;
				SWIFT_COMPILATION_MODE = wholemodule;
				VALIDATE_PRODUCT = YES;
			};
			name = Release;
		};
		6AB0D9CD2CB500560025EDFD /* Debug */ = {
			isa = XCBuildConfiguration;
			buildSettings = {
				ASSETCATALOG_COMPILER_APPICON_NAME = AppIcon;
				ASSETCATALOG_COMPILER_GLOBAL_ACCENT_COLOR_NAME = AccentColor;
				CODE_SIGN_STYLE = Automatic;
				CURRENT_PROJECT_VERSION = 1;
				DEVELOPMENT_ASSET_PATHS = "\"ianlearncloud/Preview Content\"";
				DEVELOPMENT_TEAM = 84CY6V3X8V;
				ENABLE_PREVIEWS = YES;
				GENERATE_INFOPLIST_FILE = YES;
				INFOPLIST_KEY_UIApplicationSceneManifest_Generation = YES;
				INFOPLIST_KEY_UIApplicationSupportsIndirectInputEvents = YES;
				INFOPLIST_KEY_UILaunchScreen_Generation = YES;
				INFOPLIST_KEY_UISupportedInterfaceOrientations_iPad = "UIInterfaceOrientationPortrait UIInterfaceOrientationPortraitUpsideDown UIInterfaceOrientationLandscapeLeft UIInterfaceOrientationLandscapeRight";
				INFOPLIST_KEY_UISupportedInterfaceOrientations_iPhone = "UIInterfaceOrientationPortrait UIInterfaceOrientationLandscapeLeft UIInterfaceOrientationLandscapeRight";
				LD_RUNPATH_SEARCH_PATHS = (
					"$(inherited)",
					"@executable_path/Frameworks",
				);
				MARKETING_VERSION = 1.0;
				PRODUCT_BUNDLE_IDENTIFIER = com.learn.ianlearncloud;
				PRODUCT_NAME = "$(TARGET_NAME)";
				SWIFT_EMIT_LOC_STRINGS = YES;
				SWIFT_VERSION = 5.0;
				TARGETED_DEVICE_FAMILY = "1,2";
			};
			name = Debug;
		};
		6AB0D9CE2CB500560025EDFD /* Release */ = {
			isa = XCBuildConfiguration;
			buildSettings = {
				ASSETCATALOG_COMPILER_APPICON_NAME = AppIcon;
				ASSETCATALOG_COMPILER_GLOBAL_ACCENT_COLOR_NAME = AccentColor;
				CODE_SIGN_STYLE = Automatic;
				CURRENT_PROJECT_VERSION = 1;
				DEVELOPMENT_ASSET_PATHS = "\"ianlearncloud/Preview Content\"";
				DEVELOPMENT_TEAM = 84CY6V3X8V;
				ENABLE_PREVIEWS = YES;
				GENERATE_INFOPLIST_FILE = YES;
				INFOPLIST_KEY_UIApplicationSceneManifest_Generation = YES;
				INFOPLIST_KEY_UIApplicationSupportsIndirectInputEvents = YES;
				INFOPLIST_KEY_UILaunchScreen_Generation = YES;
				INFOPLIST_KEY_UISupportedInterfaceOrientations_iPad = "UIInterfaceOrientationPortrait UIInterfaceOrientationPortraitUpsideDown UIInterfaceOrientationLandscapeLeft UIInterfaceOrientationLandscapeRight";
				INFOPLIST_KEY_UISupportedInterfaceOrientations_iPhone = "UIInterfaceOrientationPortrait UIInterfaceOrientationLandscapeLeft UIInterfaceOrientationLandscapeRight";
				LD_RUNPATH_SEARCH_PATHS = (
					"$(inherited)",
					"@executable_path/Frameworks",
				);
				MARKETING_VERSION = 1.0;
				PRODUCT_BUNDLE_IDENTIFIER = com.learn.ianlearncloud;
				PRODUCT_NAME = "$(TARGET_NAME)";
				SWIFT_EMIT_LOC_STRINGS = YES;
				SWIFT_VERSION = 5.0;
				TARGETED_DEVICE_FAMILY = "1,2";
			};
			name = Release;
		};
		6AB0D9D02CB500560025EDFD /* Debug */ = {
			isa = XCBuildConfiguration;
			buildSettings = {
				BUNDLE_LOADER = "$(TEST_HOST)";
				CODE_SIGN_STYLE = Automatic;
				CURRENT_PROJECT_VERSION = 1;
				DEVELOPMENT_TEAM = 84CY6V3X8V;
				GENERATE_INFOPLIST_FILE = YES;
				IPHONEOS_DEPLOYMENT_TARGET = 18.0;
				MARKETING_VERSION = 1.0;
				PRODUCT_BUNDLE_IDENTIFIER = com.learn.ianlearncloudTests;
				PRODUCT_NAME = "$(TARGET_NAME)";
				SWIFT_EMIT_LOC_STRINGS = NO;
				SWIFT_VERSION = 5.0;
				TARGETED_DEVICE_FAMILY = "1,2";
				TEST_HOST = "$(BUILT_PRODUCTS_DIR)/ianlearncloud.app/$(BUNDLE_EXECUTABLE_FOLDER_PATH)/ianlearncloud";
			};
			name = Debug;
		};
		6AB0D9D12CB500560025EDFD /* Release */ = {
			isa = XCBuildConfiguration;
			buildSettings = {
				BUNDLE_LOADER = "$(TEST_HOST)";
				CODE_SIGN_STYLE = Automatic;
				CURRENT_PROJECT_VERSION = 1;
				DEVELOPMENT_TEAM = 84CY6V3X8V;
				GENERATE_INFOPLIST_FILE = YES;
				IPHONEOS_DEPLOYMENT_TARGET = 18.0;
				MARKETING_VERSION = 1.0;
				PRODUCT_BUNDLE_IDENTIFIER = com.learn.ianlearncloudTests;
				PRODUCT_NAME = "$(TARGET_NAME)";
				SWIFT_EMIT_LOC_STRINGS = NO;
				SWIFT_VERSION = 5.0;
				TARGETED_DEVICE_FAMILY = "1,2";
				TEST_HOST = "$(BUILT_PRODUCTS_DIR)/ianlearncloud.app/$(BUNDLE_EXECUTABLE_FOLDER_PATH)/ianlearncloud";
			};
			name = Release;
		};
		6AB0D9D32CB500560025EDFD /* Debug */ = {
			isa = XCBuildConfiguration;
			buildSettings = {
				CODE_SIGN_STYLE = Automatic;
				CURRENT_PROJECT_VERSION = 1;
				DEVELOPMENT_TEAM = 84CY6V3X8V;
				GENERATE_INFOPLIST_FILE = YES;
				MARKETING_VERSION = 1.0;
				PRODUCT_BUNDLE_IDENTIFIER = com.learn.ianlearncloudUITests;
				PRODUCT_NAME = "$(TARGET_NAME)";
				SWIFT_EMIT_LOC_STRINGS = NO;
				SWIFT_VERSION = 5.0;
				TARGETED_DEVICE_FAMILY = "1,2";
				TEST_TARGET_NAME = ianlearncloud;
			};
			name = Debug;
		};
		6AB0D9D42CB500560025EDFD /* Release */ = {
			isa = XCBuildConfiguration;
			buildSettings = {
				CODE_SIGN_STYLE = Automatic;
				CURRENT_PROJECT_VERSION = 1;
				DEVELOPMENT_TEAM = 84CY6V3X8V;
				GENERATE_INFOPLIST_FILE = YES;
				MARKETING_VERSION = 1.0;
				PRODUCT_BUNDLE_IDENTIFIER = com.learn.ianlearncloudUITests;
				PRODUCT_NAME = "$(TARGET_NAME)";
				SWIFT_EMIT_LOC_STRINGS = NO;
				SWIFT_VERSION = 5.0;
				TARGETED_DEVICE_FAMILY = "1,2";
				TEST_TARGET_NAME = ianlearncloud;
			};
			name = Release;
		};
/* End XCBuildConfiguration section */

/* Begin XCConfigurationList section */
		6AB0D9A12CB500550025EDFD /* Build configuration list for PBXProject "ianlearncloud" */ = {
			isa = XCConfigurationList;
			buildConfigurations = (
				6AB0D9CA2CB500560025EDFD /* Debug */,
				6AB0D9CB2CB500560025EDFD /* Release */,
			);
			defaultConfigurationIsVisible = 0;
			defaultConfigurationName = Release;
		};
		6AB0D9CC2CB500560025EDFD /* Build configuration list for PBXNativeTarget "ianlearncloud" */ = {
			isa = XCConfigurationList;
			buildConfigurations = (
				6AB0D9CD2CB500560025EDFD /* Debug */,
				6AB0D9CE2CB500560025EDFD /* Release */,
			);
			defaultConfigurationIsVisible = 0;
			defaultConfigurationName = Release;
		};
		6AB0D9CF2CB500560025EDFD /* Build configuration list for PBXNativeTarget "ianlearncloudTests" */ = {
			isa = XCConfigurationList;
			buildConfigurations = (
				6AB0D9D02CB500560025EDFD /* Debug */,
				6AB0D9D12CB500560025EDFD /* Release */,
			);
			defaultConfigurationIsVisible = 0;
			defaultConfigurationName = Release;
		};
		6AB0D9D22CB500560025EDFD /* Build configuration list for PBXNativeTarget "ianlearncloudUITests" */ = {
			isa = XCConfigurationList;
			buildConfigurations = (
				6AB0D9D32CB500560025EDFD /* Debug */,
				6AB0D9D42CB500560025EDFD /* Release */,
			);
			defaultConfigurationIsVisible = 0;
			defaultConfigurationName = Release;
		};
/* End XCConfigurationList section */
	};
	rootObject = 6AB0D99E2CB500550025EDFD /* Project object */;
}
